
Microsoft Visual Studio Solution File, Format Version 12.00
# Visual Studio 2012
Project("{FAE04EC0-301F-11D3-BF4B-00C04F79EFBC}") = "Zabronim.Net", "Zabronim.Net\Zabronim.Net.csproj", "{28FE1FF5-20AA-4271-A89D-4D559AD3ECBF}"
EndProject
Project("{FAE04EC0-301F-11D3-BF4B-00C04F79EFBC}") = "Zabronim.Net.Tests", "Zabronim.Net.Tests\Zabronim.Net.Tests.csproj", "{D385646E-3480-4221-B836-A4E16B4AA9EA}"
EndProject
Global
	GlobalSection(SolutionConfigurationPlatforms) = preSolution
		Debug|Any CPU = Debug|Any CPU
		Release|Any CPU = Release|Any CPU
	EndGlobalSection
	GlobalSection(ProjectConfigurationPlatforms) = postSolution
		{28FE1FF5-20AA-4271-A89D-4D559AD3ECBF}.Debug|Any CPU.ActiveCfg = Debug|Any CPU
		{28FE1FF5-20AA-4271-A89D-4D559AD3ECBF}.Debug|Any CPU.Build.0 = Debug|Any CPU
		{28FE1FF5-20AA-4271-A89D-4D559AD3ECBF}.Release|Any CPU.ActiveCfg = Release|Any CPU
		{28FE1FF5-20AA-4271-A89D-4D559AD3ECBF}.Release|Any CPU.Build.0 = Release|Any CPU
		{D385646E-3480-4221-B836-A4E16B4AA9EA}.Debug|Any CPU.ActiveCfg = Debug|Any CPU
		{D385646E-3480-4221-B836-A4E16B4AA9EA}.Debug|Any CPU.Build.0 = Debug|Any CPU
		{D385646E-3480-4221-B836-A4E16B4AA9EA}.Release|Any CPU.ActiveCfg = Release|Any CPU
		{D385646E-3480-4221-B836-A4E16B4AA9EA}.Release|Any CPU.Build.0 = Release|Any CPU
	EndGlobalSection
	GlobalSection(SolutionProperties) = preSolution
		HideSolutionNode = FALSE
	EndGlobalSection
EndGlobal
